// !$*UTF8*$!
{
	archiveVersion = 1;
	classes = {
	};
	objectVersion = 50;
	objects = {

/* Begin PBXBuildFile section */
		148EF6512491C9E70001FB67 /* AppDelegate.swift in Sources */ = {isa = PBXBuildFile; fileRef = 148EF6502491C9E70001FB67 /* AppDelegate.swift */; };
		148EF6532491C9E70001FB67 /* SceneDelegate.swift in Sources */ = {isa = PBXBuildFile; fileRef = 148EF6522491C9E70001FB67 /* SceneDelegate.swift */; };
		148EF6552491C9E70001FB67 /* ViewController.swift in Sources */ = {isa = PBXBuildFile; fileRef = 148EF6542491C9E70001FB67 /* ViewController.swift */; };
		148EF6582491C9E70001FB67 /* Main.storyboard in Resources */ = {isa = PBXBuildFile; fileRef = 148EF6562491C9E70001FB67 /* Main.storyboard */; };
		148EF65A2491C9E90001FB67 /* Assets.xcassets in Resources */ = {isa = PBXBuildFile; fileRef = 148EF6592491C9E90001FB67 /* Assets.xcassets */; };
		148EF65D2491C9E90001FB67 /* LaunchScreen.storyboard in Resources */ = {isa = PBXBuildFile; fileRef = 148EF65B2491C9E90001FB67 /* LaunchScreen.storyboard */; };
		148EF66B2491CD640001FB67 /* PRActionsTests.swift in Sources */ = {isa = PBXBuildFile; fileRef = 148EF66A2491CD640001FB67 /* PRActionsTests.swift */; };
/* End PBXBuildFile section */

/* Begin PBXContainerItemProxy section */
		148EF66D2491CD640001FB67 /* PBXContainerItemProxy */ = {
			isa = PBXContainerItemProxy;
			containerPortal = 148EF6452491C9E70001FB67 /* Project object */;
			proxyType = 1;
			remoteGlobalIDString = 148EF64C2491C9E70001FB67;
			remoteInfo = PRActions;
		};
/* End PBXContainerItemProxy section */

/* Begin PBXFileReference section */
		148EF64D2491C9E70001FB67 /* PRActions.app */ = {isa = PBXFileReference; explicitFileType = wrapper.application; includeInIndex = 0; path = PRActions.app; sourceTree = BUILT_PRODUCTS_DIR; };
		148EF6502491C9E70001FB67 /* AppDelegate.swift */ = {isa = PBXFileReference; lastKnownFileType = sourcecode.swift; path = AppDelegate.swift; sourceTree = "<group>"; };
		148EF6522491C9E70001FB67 /* SceneDelegate.swift */ = {isa = PBXFileReference; lastKnownFileType = sourcecode.swift; path = SceneDelegate.swift; sourceTree = "<group>"; };
		148EF6542491C9E70001FB67 /* ViewController.swift */ = {isa = PBXFileReference; lastKnownFileType = sourcecode.swift; path = ViewController.swift; sourceTree = "<group>"; };
		148EF6572491C9E70001FB67 /* Base */ = {isa = PBXFileReference; lastKnownFileType = file.storyboard; name = Base; path = Base.lproj/Main.storyboard; sourceTree = "<group>"; };
		148EF6592491C9E90001FB67 /* Assets.xcassets */ = {isa = PBXFileReference; lastKnownFileType = folder.assetcatalog; path = Assets.xcassets; sourceTree = "<group>"; };
		148EF65C2491C9E90001FB67 /* Base */ = {isa = PBXFileReference; lastKnownFileType = file.storyboard; name = Base; path = Base.lproj/LaunchScreen.storyboard; sourceTree = "<group>"; };
		148EF65E2491C9E90001FB67 /* Info.plist */ = {isa = PBXFileReference; lastKnownFileType = text.plist.xml; path = Info.plist; sourceTree = "<group>"; };
		148EF6682491CD640001FB67 /* PRActionsTests.xctest */ = {isa = PBXFileReference; explicitFileType = wrapper.cfbundle; includeInIndex = 0; path = PRActionsTests.xctest; sourceTree = BUILT_PRODUCTS_DIR; };
		148EF66A2491CD640001FB67 /* PRActionsTests.swift */ = {isa = PBXFileReference; lastKnownFileType = sourcecode.swift; path = PRActionsTests.swift; sourceTree = "<group>"; };
		148EF66C2491CD640001FB67 /* Info.plist */ = {isa = PBXFileReference; lastKnownFileType = text.plist.xml; path = Info.plist; sourceTree = "<group>"; };
/* End PBXFileReference section */

/* Begin PBXFrameworksBuildPhase section */
		148EF64A2491C9E70001FB67 /* Frameworks */ = {
			isa = PBXFrameworksBuildPhase;
			buildActionMask = 2147483647;
			files = (
			);
			runOnlyForDeploymentPostprocessing = 0;
		};
		148EF6652491CD640001FB67 /* Frameworks */ = {
			isa = PBXFrameworksBuildPhase;
			buildActionMask = 2147483647;
			files = (
			);
			runOnlyForDeploymentPostprocessing = 0;
		};
/* End PBXFrameworksBuildPhase section */

/* Begin PBXGroup section */
		148EF6442491C9E70001FB67 = {
			isa = PBXGroup;
			children = (
				148EF64F2491C9E70001FB67 /* PRActions */,
				148EF6692491CD640001FB67 /* PRActionsTests */,
				148EF64E2491C9E70001FB67 /* Products */,
			);
			sourceTree = "<group>";
		};
		148EF64E2491C9E70001FB67 /* Products */ = {
			isa = PBXGroup;
			children = (
				148EF64D2491C9E70001FB67 /* PRActions.app */,
				148EF6682491CD640001FB67 /* PRActionsTests.xctest */,
			);
			name = Products;
			sourceTree = "<group>";
		};
		148EF64F2491C9E70001FB67 /* PRActions */ = {
			isa = PBXGroup;
			children = (
				148EF6502491C9E70001FB67 /* AppDelegate.swift */,
				148EF6522491C9E70001FB67 /* SceneDelegate.swift */,
				148EF6542491C9E70001FB67 /* ViewController.swift */,
				148EF6562491C9E70001FB67 /* Main.storyboard */,
				148EF6592491C9E90001FB67 /* Assets.xcassets */,
				148EF65B2491C9E90001FB67 /* LaunchScreen.storyboard */,
				148EF65E2491C9E90001FB67 /* Info.plist */,
			);
			path = PRActions;
			sourceTree = "<group>";
		};
		148EF6692491CD640001FB67 /* PRActionsTests */ = {
			isa = PBXGroup;
			children = (
				148EF66A2491CD640001FB67 /* PRActionsTests.swift */,
				148EF66C2491CD640001FB67 /* Info.plist */,
			);
			path = PRActionsTests;
			sourceTree = "<group>";
		};
/* End PBXGroup section */

/* Begin PBXNativeTarget section */
		148EF64C2491C9E70001FB67 /* PRActions */ = {
			isa = PBXNativeTarget;
			buildConfigurationList = 148EF6612491C9E90001FB67 /* Build configuration list for PBXNativeTarget "PRActions" */;
			buildPhases = (
				148EF6492491C9E70001FB67 /* Sources */,
				148EF64A2491C9E70001FB67 /* Frameworks */,
				148EF64B2491C9E70001FB67 /* Resources */,
			);
			buildRules = (
			);
			dependencies = (
			);
			name = PRActions;
			productName = PRActions;
			productReference = 148EF64D2491C9E70001FB67 /* PRActions.app */;
			productType = "com.apple.product-type.application";
		};
		148EF6672491CD640001FB67 /* PRActionsTests */ = {
			isa = PBXNativeTarget;
			buildConfigurationList = 148EF66F2491CD640001FB67 /* Build configuration list for PBXNativeTarget "PRActionsTests" */;
			buildPhases = (
				148EF6642491CD640001FB67 /* Sources */,
				148EF6652491CD640001FB67 /* Frameworks */,
				148EF6662491CD640001FB67 /* Resources */,
			);
			buildRules = (
			);
			dependencies = (
				148EF66E2491CD640001FB67 /* PBXTargetDependency */,
			);
			name = PRActionsTests;
			productName = PRActionsTests;
			productReference = 148EF6682491CD640001FB67 /* PRActionsTests.xctest */;
			productType = "com.apple.product-type.bundle.unit-test";
		};
/* End PBXNativeTarget section */

/* Begin PBXProject section */
		148EF6452491C9E70001FB67 /* Project object */ = {
			isa = PBXProject;
			attributes = {
				LastSwiftUpdateCheck = 1150;
				LastUpgradeCheck = 1150;
				ORGANIZATIONNAME = Zedd;
				TargetAttributes = {
					148EF64C2491C9E70001FB67 = {
						CreatedOnToolsVersion = 11.5;
					};
					148EF6672491CD640001FB67 = {
						CreatedOnToolsVersion = 11.5;
						TestTargetID = 148EF64C2491C9E70001FB67;
					};
				};
			};
			buildConfigurationList = 148EF6482491C9E70001FB67 /* Build configuration list for PBXProject "PRActions" */;
			compatibilityVersion = "Xcode 9.3";
			developmentRegion = en;
			hasScannedForEncodings = 0;
			knownRegions = (
				en,
				Base,
			);
			mainGroup = 148EF6442491C9E70001FB67;
			productRefGroup = 148EF64E2491C9E70001FB67 /* Products */;
			projectDirPath = "";
			projectRoot = "";
			targets = (
				148EF64C2491C9E70001FB67 /* PRActions */,
				148EF6672491CD640001FB67 /* PRActionsTests */,
			);
		};
/* End PBXProject section */

/* Begin PBXResourcesBuildPhase section */
		148EF64B2491C9E70001FB67 /* Resources */ = {
			isa = PBXResourcesBuildPhase;
			buildActionMask = 2147483647;
			files = (
				148EF65D2491C9E90001FB67 /* LaunchScreen.storyboard in Resources */,
				148EF65A2491C9E90001FB67 /* Assets.xcassets in Resources */,
				148EF6582491C9E70001FB67 /* Main.storyboard in Resources */,
			);
			runOnlyForDeploymentPostprocessing = 0;
		};
		148EF6662491CD640001FB67 /* Resources */ = {
			isa = PBXResourcesBuildPhase;
			buildActionMask = 2147483647;
			files = (
			);
			runOnlyForDeploymentPostprocessing = 0;
		};
/* End PBXResourcesBuildPhase section */

/* Begin PBXSourcesBuildPhase section */
		148EF6492491C9E70001FB67 /* Sources */ = {
			isa = PBXSourcesBuildPhase;
			buildActionMask = 2147483647;
			files = (
				148EF6552491C9E70001FB67 /* ViewController.swift in Sources */,
				148EF6512491C9E70001FB67 /* AppDelegate.swift in Sources */,
				148EF6532491C9E70001FB67 /* SceneDelegate.swift in Sources */,
			);
			runOnlyForDeploymentPostprocessing = 0;
		};
		148EF6642491CD640001FB67 /* Sources */ = {
			isa = PBXSourcesBuildPhase;
			buildActionMask = 2147483647;
			files = (
				148EF66B2491CD640001FB67 /* PRActionsTests.swift in Sources */,
			);
			runOnlyForDeploymentPostprocessing = 0;
		};
/* End PBXSourcesBuildPhase section */

/* Begin PBXTargetDependency section */
		148EF66E2491CD640001FB67 /* PBXTargetDependency */ = {
			isa = PBXTargetDependency;
			target = 148EF64C2491C9E70001FB67 /* PRActions */;
			targetProxy = 148EF66D2491CD640001FB67 /* PBXContainerItemProxy */;
		};
/* End PBXTargetDependency section */

/* Begin PBXVariantGroup section */
		148EF6562491C9E70001FB67 /* Main.storyboard */ = {
			isa = PBXVariantGroup;
			children = (
				148EF6572491C9E70001FB67 /* Base */,
			);
			name = Main.storyboard;
			sourceTree = "<group>";
		};
		148EF65B2491C9E90001FB67 /* LaunchScreen.storyboard */ = {
			isa = PBXVariantGroup;
			children = (
				148EF65C2491C9E90001FB67 /* Base */,
			);
			name = LaunchScreen.storyboard;
			sourceTree = "<group>";
		};
/* End PBXVariantGroup section */

/* Begin XCBuildConfiguration section */
		148EF65F2491C9E90001FB67 /* Debug */ = {
			isa = XCBuildConfiguration;
			buildSettings = {
				ALWAYS_SEARCH_USER_PATHS = NO;
				CLANG_ANALYZER_NONNULL = YES;
				CLANG_ANALYZER_NUMBER_OBJECT_CONVERSION = YES_AGGRESSIVE;
				CLANG_CXX_LANGUAGE_STANDARD = "gnu++14";
				CLANG_CXX_LIBRARY = "libc++";
				CLANG_ENABLE_MODULES = YES;
				CLANG_ENABLE_OBJC_ARC = YES;
				CLANG_ENABLE_OBJC_WEAK = YES;
				CLANG_WARN_BLOCK_CAPTURE_AUTORELEASING = YES;
				CLANG_WARN_BOOL_CONVERSION = YES;
				CLANG_WARN_COMMA = YES;
				CLANG_WARN_CONSTANT_CONVERSION = YES;
				CLANG_WARN_DEPRECATED_OBJC_IMPLEMENTATIONS = YES;
				CLANG_WARN_DIRECT_OBJC_ISA_USAGE = YES_ERROR;
				CLANG_WARN_DOCUMENTATION_COMMENTS = YES;
				CLANG_WARN_EMPTY_BODY = YES;
				CLANG_WARN_ENUM_CONVERSION = YES;
				CLANG_WARN_INFINITE_RECURSION = YES;
				CLANG_WARN_INT_CONVERSION = YES;
				CLANG_WARN_NON_LITERAL_NULL_CONVERSION = YES;
				CLANG_WARN_OBJC_IMPLICIT_RETAIN_SELF = YES;
				CLANG_WARN_OBJC_LITERAL_CONVERSION = YES;
				CLANG_WARN_OBJC_ROOT_CLASS = YES_ERROR;
				CLANG_WARN_RANGE_LOOP_ANALYSIS = YES;
				CLANG_WARN_STRICT_PROTOTYPES = YES;
				CLANG_WARN_SUSPICIOUS_MOVE = YES;
				CLANG_WARN_UNGUARDED_AVAILABILITY = YES_AGGRESSIVE;
				CLANG_WARN_UNREACHABLE_CODE = YES;
				CLANG_WARN__DUPLICATE_METHOD_MATCH = YES;
				COPY_PHASE_STRIP = NO;
				DEBUG_INFORMATION_FORMAT = dwarf;
				ENABLE_STRICT_OBJC_MSGSEND = YES;
				ENABLE_TESTABILITY = YES;
				GCC_C_LANGUAGE_STANDARD = gnu11;
				GCC_DYNAMIC_NO_PIC = NO;
				GCC_NO_COMMON_BLOCKS = YES;
				GCC_OPTIMIZATION_LEVEL = 0;
				GCC_PREPROCESSOR_DEFINITIONS = (
					"DEBUG=1",
					"$(inherited)",
				);
				GCC_WARN_64_TO_32_BIT_CONVERSION = YES;
				GCC_WARN_ABOUT_RETURN_TYPE = YES_ERROR;
				GCC_WARN_UNDECLARED_SELECTOR = YES;
				GCC_WARN_UNINITIALIZED_AUTOS = YES_AGGRESSIVE;
				GCC_WARN_UNUSED_FUNCTION = YES;
				GCC_WARN_UNUSED_VARIABLE = YES;
				IPHONEOS_DEPLOYMENT_TARGET = 13.5;
				MTL_ENABLE_DEBUG_INFO = INCLUDE_SOURCE;
				MTL_FAST_MATH = YES;
				ONLY_ACTIVE_ARCH = YES;
				SDKROOT = iphoneos;
				SWIFT_ACTIVE_COMPILATION_CONDITIONS = DEBUG;
				SWIFT_OPTIMIZATION_LEVEL = "-Onone";
			};
			name = Debug;
		};
		148EF6602491C9E90001FB67 /* Release */ = {
			isa = XCBuildConfiguration;
			buildSettings = {
				ALWAYS_SEARCH_USER_PATHS = NO;
				CLANG_ANALYZER_NONNULL = YES;
				CLANG_ANALYZER_NUMBER_OBJECT_CONVERSION = YES_AGGRESSIVE;
				CLANG_CXX_LANGUAGE_STANDARD = "gnu++14";
				CLANG_CXX_LIBRARY = "libc++";
				CLANG_ENABLE_MODULES = YES;
				CLANG_ENABLE_OBJC_ARC = YES;
				CLANG_ENABLE_OBJC_WEAK = YES;
				CLANG_WARN_BLOCK_CAPTURE_AUTORELEASING = YES;
				CLANG_WARN_BOOL_CONVERSION = YES;
				CLANG_WARN_COMMA = YES;
				CLANG_WARN_CONSTANT_CONVERSION = YES;
				CLANG_WARN_DEPRECATED_OBJC_IMPLEMENTATIONS = YES;
				CLANG_WARN_DIRECT_OBJC_ISA_USAGE = YES_ERROR;
				CLANG_WARN_DOCUMENTATION_COMMENTS = YES;
				CLANG_WARN_EMPTY_BODY = YES;
				CLANG_WARN_ENUM_CONVERSION = YES;
				CLANG_WARN_INFINITE_RECURSION = YES;
				CLANG_WARN_INT_CONVERSION = YES;
				CLANG_WARN_NON_LITERAL_NULL_CONVERSION = YES;
				CLANG_WARN_OBJC_IMPLICIT_RETAIN_SELF = YES;
				CLANG_WARN_OBJC_LITERAL_CONVERSION = YES;
				CLANG_WARN_OBJC_ROOT_CLASS = YES_ERROR;
				CLANG_WARN_RANGE_LOOP_ANALYSIS = YES;
				CLANG_WARN_STRICT_PROTOTYPES = YES;
				CLANG_WARN_SUSPICIOUS_MOVE = YES;
				CLANG_WARN_UNGUARDED_AVAILABILITY = YES_AGGRESSIVE;
				CLANG_WARN_UNREACHABLE_CODE = YES;
				CLANG_WARN__DUPLICATE_METHOD_MATCH = YES;
				COPY_PHASE_STRIP = NO;
				DEBUG_INFORMATION_FORMAT = "dwarf-with-dsym";
				ENABLE_NS_ASSERTIONS = NO;
				ENABLE_STRICT_OBJC_MSGSEND = YES;
				GCC_C_LANGUAGE_STANDARD = gnu11;
				GCC_NO_COMMON_BLOCKS = YES;
				GCC_WARN_64_TO_32_BIT_CONVERSION = YES;
				GCC_WARN_ABOUT_RETURN_TYPE = YES_ERROR;
				GCC_WARN_UNDECLARED_SELECTOR = YES;
				GCC_WARN_UNINITIALIZED_AUTOS = YES_AGGRESSIVE;
				GCC_WARN_UNUSED_FUNCTION = YES;
				GCC_WARN_UNUSED_VARIABLE = YES;
				IPHONEOS_DEPLOYMENT_TARGET = 13.5;
				MTL_ENABLE_DEBUG_INFO = NO;
				MTL_FAST_MATH = YES;
				SDKROOT = iphoneos;
				SWIFT_COMPILATION_MODE = wholemodule;
				SWIFT_OPTIMIZATION_LEVEL = "-O";
				VALIDATE_PRODUCT = YES;
			};
			name = Release;
		};
		148EF6622491C9E90001FB67 /* Debug */ = {
			isa = XCBuildConfiguration;
			buildSettings = {
				ASSETCATALOG_COMPILER_APPICON_NAME = AppIcon;
				CODE_SIGN_STYLE = Automatic;
				INFOPLIST_FILE = PRActions/Info.plist;
				LD_RUNPATH_SEARCH_PATHS = (
					"$(inherited)",
					"@executable_path/Frameworks",
				);
				PRODUCT_BUNDLE_IDENTIFIER = Zedd.PRActions;
				PRODUCT_NAME = "$(TARGET_NAME)";
				SWIFT_VERSION = 5.0;
				TARGETED_DEVICE_FAMILY = "1,2";
			};
			name = Debug;
		};
		148EF6632491C9E90001FB67 /* Release */ = {
			isa = XCBuildConfiguration;
			buildSettings = {
				ASSETCATALOG_COMPILER_APPICON_NAME = AppIcon;
				CODE_SIGN_STYLE = Automatic;
				INFOPLIST_FILE = PRActions/Info.plist;
				LD_RUNPATH_SEARCH_PATHS = (
					"$(inherited)",
					"@executable_path/Frameworks",
				);
				PRODUCT_BUNDLE_IDENTIFIER = Zedd.PRActions;
				PRODUCT_NAME = "$(TARGET_NAME)";
				SWIFT_VERSION = 5.0;
				TARGETED_DEVICE_FAMILY = "1,2";
			};
			name = Release;
		};
		148EF6702491CD640001FB67 /* Debug */ = {
			isa = XCBuildConfiguration;
			buildSettings = {
				BUNDLE_LOADER = "$(TEST_HOST)";
				CODE_SIGN_STYLE = Automatic;
				INFOPLIST_FILE = PRActionsTests/Info.plist;
				LD_RUNPATH_SEARCH_PATHS = (
					"$(inherited)",
					"@executable_path/Frameworks",
					"@loader_path/Frameworks",
				);
				PRODUCT_BUNDLE_IDENTIFIER = Zedd.PRActionsTests;
				PRODUCT_NAME = "$(TARGET_NAME)";
				SWIFT_VERSION = 5.0;
				TARGETED_DEVICE_FAMILY = "1,2";
				TEST_HOST = "$(BUILT_PRODUCTS_DIR)/PRActions.app/PRActions";
			};
			name = Debug;
		};
		148EF6712491CD640001FB67 /* Release */ = {
			isa = XCBuildConfiguration;
			buildSettings = {
				BUNDLE_LOADER = "$(TEST_HOST)";
				CODE_SIGN_STYLE = Automatic;
				INFOPLIST_FILE = PRActionsTests/Info.plist;
				LD_RUNPATH_SEARCH_PATHS = (
					"$(inherited)",
					"@executable_path/Frameworks",
					"@loader_path/Frameworks",
				);
				PRODUCT_BUNDLE_IDENTIFIER = Zedd.PRActionsTests;
				PRODUCT_NAME = "$(TARGET_NAME)";
				SWIFT_VERSION = 5.0;
				TARGETED_DEVICE_FAMILY = "1,2";
				TEST_HOST = "$(BUILT_PRODUCTS_DIR)/PRActions.app/PRActions";
			};
			name = Release;
		};
/* End XCBuildConfiguration section */

/* Begin XCConfigurationList section */
		148EF6482491C9E70001FB67 /* Build configuration list for PBXProject "PRActions" */ = {
			isa = XCConfigurationList;
			buildConfigurations = (
				148EF65F2491C9E90001FB67 /* Debug */,
				148EF6602491C9E90001FB67 /* Release */,
			);
			defaultConfigurationIsVisible = 0;
			defaultConfigurationName = Release;
		};
		148EF6612491C9E90001FB67 /* Build configuration list for PBXNativeTarget "PRActions" */ = {
			isa = XCConfigurationList;
			buildConfigurations = (
				148EF6622491C9E90001FB67 /* Debug */,
				148EF6632491C9E90001FB67 /* Release */,
			);
			defaultConfigurationIsVisible = 0;
			defaultConfigurationName = Release;
		};
		148EF66F2491CD640001FB67 /* Build configuration list for PBXNativeTarget "PRActionsTests" */ = {
			isa = XCConfigurationList;
			buildConfigurations = (
				148EF6702491CD640001FB67 /* Debug */,
				148EF6712491CD640001FB67 /* Release */,
			);
			defaultConfigurationIsVisible = 0;
			defaultConfigurationName = Release;
		};
/* End XCConfigurationList section */
	};
	rootObject = 148EF6452491C9E70001FB67 /* Project object */;
}
